
Microsoft Visual Studio Solution File, Format Version 11.00
# Visual Studio 2010
# SharpDevelop 5.1
Project("{FAE04EC0-301F-11D3-BF4B-00C04F79EFBC}") = "cf01", "cf01\cf01.csproj", "{C39D6E3C-BFC7-434B-873E-9639D2559E3F}"
EndProject
Project("{FAE04EC0-301F-11D3-BF4B-00C04F79EFBC}") = "cf02", "cf02\cf02.csproj", "{8A9177CC-5AAD-4AD2-B8FE-F3FE41CA1747}"
EndProject
Project("{FAE04EC0-301F-11D3-BF4B-00C04F79EFBC}") = "cf03", "cf03\cf03.csproj", "{D2BD3306-E50A-4AF1-A9D7-2A4376CE7046}"
EndProject
Project("{FAE04EC0-301F-11D3-BF4B-00C04F79EFBC}") = "cf04", "cf04\cf04.csproj", "{26E00043-A4BD-449A-91BE-CEBDE0C7B387}"
EndProject
Project("{FAE04EC0-301F-11D3-BF4B-00C04F79EFBC}") = "cf05", "cf05\cf05.csproj", "{51434955-9CE0-44A2-8759-CDBB4A42E8B4}"
EndProject
Project("{FAE04EC0-301F-11D3-BF4B-00C04F79EFBC}") = "cf06", "cf06\cf06.csproj", "{C6C17DE4-D151-4BAC-848C-786AB34D9AA2}"
EndProject
Project("{FAE04EC0-301F-11D3-BF4B-00C04F79EFBC}") = "cf07", "cf07\cf07.csproj", "{79392252-67B0-46DF-B414-A0DB4677DDC3}"
EndProject
Project("{FAE04EC0-301F-11D3-BF4B-00C04F79EFBC}") = "cf08", "cf08\cf08.csproj", "{511E8E14-EB90-4523-8FCA-FE7C0F871DCF}"
EndProject
Project("{FAE04EC0-301F-11D3-BF4B-00C04F79EFBC}") = "cf09", "cf09\cf09.csproj", "{5C4CC1C2-AA53-44D3-8271-09A9E554E2F4}"
EndProject
Project("{FAE04EC0-301F-11D3-BF4B-00C04F79EFBC}") = "cf16", "cf16\cf16.csproj", "{A197F432-6183-4C21-B69F-072712E5C7D8}"
EndProject
Project("{FAE04EC0-301F-11D3-BF4B-00C04F79EFBC}") = "cf17", "cf17\cf17.csproj", "{5008F206-9997-4AEF-AA46-573C6DEC03E4}"
EndProject
Project("{FAE04EC0-301F-11D3-BF4B-00C04F79EFBC}") = "cf18", "cf18\cf18.csproj", "{66B03076-CF68-45AD-AA3C-074C8FE7AA84}"
EndProject
Project("{FAE04EC0-301F-11D3-BF4B-00C04F79EFBC}") = "cf19", "cf19\cf19.csproj", "{F1D7C93D-8C05-47FF-9BD4-FCAA98E2C334}"
EndProject
Project("{FAE04EC0-301F-11D3-BF4B-00C04F79EFBC}") = "cf20", "cf20\cf20.csproj", "{EE53C6F8-135F-4799-9240-708F1BA0E3DF}"
EndProject
Project("{FAE04EC0-301F-11D3-BF4B-00C04F79EFBC}") = "cf21", "cf21\cf21.csproj", "{2B5AC856-91EC-4C68-89A9-F95BD5FA9870}"
EndProject
Project("{FAE04EC0-301F-11D3-BF4B-00C04F79EFBC}") = "cf22", "cf22\cf22.csproj", "{890CA3A7-D8C0-4F3F-89F6-D92F5154D469}"
EndProject
Project("{FAE04EC0-301F-11D3-BF4B-00C04F79EFBC}") = "cf23", "cf23\cf23.csproj", "{29980D99-540A-4410-9F95-D73C4A36090A}"
EndProject
Project("{FAE04EC0-301F-11D3-BF4B-00C04F79EFBC}") = "cf24", "cf24\cf24.csproj", "{9DECE481-EAFF-4E35-B3D8-BC57385BC60E}"
EndProject
Global
	GlobalSection(SolutionConfigurationPlatforms) = preSolution
		Debug|Any CPU = Debug|Any CPU
		Release|Any CPU = Release|Any CPU
	EndGlobalSection
	GlobalSection(ProjectConfigurationPlatforms) = postSolution
		{C39D6E3C-BFC7-434B-873E-9639D2559E3F}.Debug|Any CPU.ActiveCfg = Debug|Any CPU
		{C39D6E3C-BFC7-434B-873E-9639D2559E3F}.Debug|Any CPU.Build.0 = Debug|Any CPU
		{C39D6E3C-BFC7-434B-873E-9639D2559E3F}.Release|Any CPU.ActiveCfg = Release|Any CPU
		{C39D6E3C-BFC7-434B-873E-9639D2559E3F}.Release|Any CPU.Build.0 = Release|Any CPU
		{8A9177CC-5AAD-4AD2-B8FE-F3FE41CA1747}.Debug|Any CPU.ActiveCfg = Debug|Any CPU
		{8A9177CC-5AAD-4AD2-B8FE-F3FE41CA1747}.Debug|Any CPU.Build.0 = Debug|Any CPU
		{8A9177CC-5AAD-4AD2-B8FE-F3FE41CA1747}.Release|Any CPU.ActiveCfg = Release|Any CPU
		{8A9177CC-5AAD-4AD2-B8FE-F3FE41CA1747}.Release|Any CPU.Build.0 = Release|Any CPU
		{D2BD3306-E50A-4AF1-A9D7-2A4376CE7046}.Debug|Any CPU.ActiveCfg = Debug|Any CPU
		{D2BD3306-E50A-4AF1-A9D7-2A4376CE7046}.Debug|Any CPU.Build.0 = Debug|Any CPU
		{D2BD3306-E50A-4AF1-A9D7-2A4376CE7046}.Release|Any CPU.ActiveCfg = Release|Any CPU
		{D2BD3306-E50A-4AF1-A9D7-2A4376CE7046}.Release|Any CPU.Build.0 = Release|Any CPU
		{26E00043-A4BD-449A-91BE-CEBDE0C7B387}.Debug|Any CPU.ActiveCfg = Debug|Any CPU
		{26E00043-A4BD-449A-91BE-CEBDE0C7B387}.Debug|Any CPU.Build.0 = Debug|Any CPU
		{26E00043-A4BD-449A-91BE-CEBDE0C7B387}.Release|Any CPU.ActiveCfg = Release|Any CPU
		{26E00043-A4BD-449A-91BE-CEBDE0C7B387}.Release|Any CPU.Build.0 = Release|Any CPU
		{51434955-9CE0-44A2-8759-CDBB4A42E8B4}.Debug|Any CPU.ActiveCfg = Debug|Any CPU
		{51434955-9CE0-44A2-8759-CDBB4A42E8B4}.Debug|Any CPU.Build.0 = Debug|Any CPU
		{51434955-9CE0-44A2-8759-CDBB4A42E8B4}.Release|Any CPU.ActiveCfg = Release|Any CPU
		{51434955-9CE0-44A2-8759-CDBB4A42E8B4}.Release|Any CPU.Build.0 = Release|Any CPU
		{C6C17DE4-D151-4BAC-848C-786AB34D9AA2}.Debug|Any CPU.ActiveCfg = Debug|Any CPU
		{C6C17DE4-D151-4BAC-848C-786AB34D9AA2}.Debug|Any CPU.Build.0 = Debug|Any CPU
		{C6C17DE4-D151-4BAC-848C-786AB34D9AA2}.Release|Any CPU.ActiveCfg = Release|Any CPU
		{C6C17DE4-D151-4BAC-848C-786AB34D9AA2}.Release|Any CPU.Build.0 = Release|Any CPU
		{79392252-67B0-46DF-B414-A0DB4677DDC3}.Debug|Any CPU.ActiveCfg = Debug|Any CPU
		{79392252-67B0-46DF-B414-A0DB4677DDC3}.Debug|Any CPU.Build.0 = Debug|Any CPU
		{79392252-67B0-46DF-B414-A0DB4677DDC3}.Release|Any CPU.ActiveCfg = Release|Any CPU
		{79392252-67B0-46DF-B414-A0DB4677DDC3}.Release|Any CPU.Build.0 = Release|Any CPU
		{511E8E14-EB90-4523-8FCA-FE7C0F871DCF}.Debug|Any CPU.ActiveCfg = Debug|Any CPU
		{511E8E14-EB90-4523-8FCA-FE7C0F871DCF}.Debug|Any CPU.Build.0 = Debug|Any CPU
		{511E8E14-EB90-4523-8FCA-FE7C0F871DCF}.Release|Any CPU.ActiveCfg = Release|Any CPU
		{511E8E14-EB90-4523-8FCA-FE7C0F871DCF}.Release|Any CPU.Build.0 = Release|Any CPU
		{5C4CC1C2-AA53-44D3-8271-09A9E554E2F4}.Debug|Any CPU.ActiveCfg = Debug|Any CPU
		{5C4CC1C2-AA53-44D3-8271-09A9E554E2F4}.Debug|Any CPU.Build.0 = Debug|Any CPU
		{5C4CC1C2-AA53-44D3-8271-09A9E554E2F4}.Release|Any CPU.ActiveCfg = Release|Any CPU
		{5C4CC1C2-AA53-44D3-8271-09A9E554E2F4}.Release|Any CPU.Build.0 = Release|Any CPU
		{A197F432-6183-4C21-B69F-072712E5C7D8}.Debug|Any CPU.ActiveCfg = Debug|Any CPU
		{A197F432-6183-4C21-B69F-072712E5C7D8}.Debug|Any CPU.Build.0 = Debug|Any CPU
		{A197F432-6183-4C21-B69F-072712E5C7D8}.Release|Any CPU.ActiveCfg = Release|Any CPU
		{A197F432-6183-4C21-B69F-072712E5C7D8}.Release|Any CPU.Build.0 = Release|Any CPU
		{5008F206-9997-4AEF-AA46-573C6DEC03E4}.Debug|Any CPU.ActiveCfg = Debug|Any CPU
		{5008F206-9997-4AEF-AA46-573C6DEC03E4}.Debug|Any CPU.Build.0 = Debug|Any CPU
		{5008F206-9997-4AEF-AA46-573C6DEC03E4}.Release|Any CPU.ActiveCfg = Release|Any CPU
		{5008F206-9997-4AEF-AA46-573C6DEC03E4}.Release|Any CPU.Build.0 = Release|Any CPU
		{66B03076-CF68-45AD-AA3C-074C8FE7AA84}.Debug|Any CPU.ActiveCfg = Debug|Any CPU
		{66B03076-CF68-45AD-AA3C-074C8FE7AA84}.Debug|Any CPU.Build.0 = Debug|Any CPU
		{66B03076-CF68-45AD-AA3C-074C8FE7AA84}.Release|Any CPU.ActiveCfg = Release|Any CPU
		{66B03076-CF68-45AD-AA3C-074C8FE7AA84}.Release|Any CPU.Build.0 = Release|Any CPU
		{F1D7C93D-8C05-47FF-9BD4-FCAA98E2C334}.Debug|Any CPU.ActiveCfg = Debug|Any CPU
		{F1D7C93D-8C05-47FF-9BD4-FCAA98E2C334}.Debug|Any CPU.Build.0 = Debug|Any CPU
		{F1D7C93D-8C05-47FF-9BD4-FCAA98E2C334}.Release|Any CPU.ActiveCfg = Release|Any CPU
		{F1D7C93D-8C05-47FF-9BD4-FCAA98E2C334}.Release|Any CPU.Build.0 = Release|Any CPU
		{EE53C6F8-135F-4799-9240-708F1BA0E3DF}.Debug|Any CPU.ActiveCfg = Debug|Any CPU
		{EE53C6F8-135F-4799-9240-708F1BA0E3DF}.Debug|Any CPU.Build.0 = Debug|Any CPU
		{EE53C6F8-135F-4799-9240-708F1BA0E3DF}.Release|Any CPU.ActiveCfg = Release|Any CPU
		{EE53C6F8-135F-4799-9240-708F1BA0E3DF}.Release|Any CPU.Build.0 = Release|Any CPU
		{2B5AC856-91EC-4C68-89A9-F95BD5FA9870}.Debug|Any CPU.ActiveCfg = Debug|Any CPU
		{2B5AC856-91EC-4C68-89A9-F95BD5FA9870}.Debug|Any CPU.Build.0 = Debug|Any CPU
		{2B5AC856-91EC-4C68-89A9-F95BD5FA9870}.Release|Any CPU.ActiveCfg = Release|Any CPU
		{2B5AC856-91EC-4C68-89A9-F95BD5FA9870}.Release|Any CPU.Build.0 = Release|Any CPU
		{890CA3A7-D8C0-4F3F-89F6-D92F5154D469}.Debug|Any CPU.ActiveCfg = Debug|Any CPU
		{890CA3A7-D8C0-4F3F-89F6-D92F5154D469}.Debug|Any CPU.Build.0 = Debug|Any CPU
		{890CA3A7-D8C0-4F3F-89F6-D92F5154D469}.Release|Any CPU.ActiveCfg = Release|Any CPU
		{890CA3A7-D8C0-4F3F-89F6-D92F5154D469}.Release|Any CPU.Build.0 = Release|Any CPU
		{29980D99-540A-4410-9F95-D73C4A36090A}.Debug|Any CPU.ActiveCfg = Debug|Any CPU
		{29980D99-540A-4410-9F95-D73C4A36090A}.Debug|Any CPU.Build.0 = Debug|Any CPU
		{29980D99-540A-4410-9F95-D73C4A36090A}.Release|Any CPU.ActiveCfg = Release|Any CPU
		{29980D99-540A-4410-9F95-D73C4A36090A}.Release|Any CPU.Build.0 = Release|Any CPU
		{9DECE481-EAFF-4E35-B3D8-BC57385BC60E}.Debug|Any CPU.ActiveCfg = Debug|Any CPU
		{9DECE481-EAFF-4E35-B3D8-BC57385BC60E}.Debug|Any CPU.Build.0 = Debug|Any CPU
		{9DECE481-EAFF-4E35-B3D8-BC57385BC60E}.Release|Any CPU.ActiveCfg = Release|Any CPU
		{9DECE481-EAFF-4E35-B3D8-BC57385BC60E}.Release|Any CPU.Build.0 = Release|Any CPU
	EndGlobalSection
EndGlobal
